
Microsoft Visual Studio Solution File, Format Version 12.00
# Visual Studio Version 17
VisualStudioVersion = 17.7.34031.279
MinimumVisualStudioVersion = 10.0.40219.1
Project("{FAE04EC0-301F-11D3-BF4B-00C04F79EFBC}") = "BArcodeGEN", "BArcodeGEN.csproj", "{3A186356-5B00-49B1-94E6-720B3003C96E}"
EndProject
Global
	GlobalSection(SolutionConfigurationPlatforms) = preSolution
		Debug|Any CPU = Debug|Any CPU
		Release|Any CPU = Release|Any CPU
	EndGlobalSection
	GlobalSection(ProjectConfigurationPlatforms) = postSolution
		{3A186356-5B00-49B1-94E6-720B3003C96E}.Debug|Any CPU.ActiveCfg = Debug|Any CPU
		{3A186356-5B00-49B1-94E6-720B3003C96E}.Debug|Any CPU.Build.0 = Debug|Any CPU
		{3A186356-5B00-49B1-94E6-720B3003C96E}.Release|Any CPU.ActiveCfg = Release|Any CPU
		{3A186356-5B00-49B1-94E6-720B3003C96E}.Release|Any CPU.Build.0 = Release|Any CPU
	EndGlobalSection
	GlobalSection(SolutionProperties) = preSolution
		HideSolutionNode = FALSE
	EndGlobalSection
	GlobalSection(ExtensibilityGlobals) = postSolution
		SolutionGuid = {F8DC9948-A2E8-4CF3-A7E2-40C3A5EF92BB}
	EndGlobalSection
EndGlobal
